
Microsoft Visual Studio Solution File, Format Version 12.00
# Visual Studio Version 16
VisualStudioVersion = 16.0.31729.503
MinimumVisualStudioVersion = 10.0.40219.1
Project("{FAE04EC0-301F-11D3-BF4B-00C04F79EFBC}") = "WEB_Kullanici_Giris_Paneli", "WEB_Kullanici_Giris_Paneli\WEB_Kullanici_Giris_Paneli.csproj", "{62520069-83EC-43E3-9022-E2D4222A2F69}"
EndProject
Global
	GlobalSection(SolutionConfigurationPlatforms) = preSolution
		Debug|Any CPU = Debug|Any CPU
		Release|Any CPU = Release|Any CPU
	EndGlobalSection
	GlobalSection(ProjectConfigurationPlatforms) = postSolution
		{62520069-83EC-43E3-9022-E2D4222A2F69}.Debug|Any CPU.ActiveCfg = Debug|Any CPU
		{62520069-83EC-43E3-9022-E2D4222A2F69}.Debug|Any CPU.Build.0 = Debug|Any CPU
		{62520069-83EC-43E3-9022-E2D4222A2F69}.Release|Any CPU.ActiveCfg = Release|Any CPU
		{62520069-83EC-43E3-9022-E2D4222A2F69}.Release|Any CPU.Build.0 = Release|Any CPU
	EndGlobalSection
	GlobalSection(SolutionProperties) = preSolution
		HideSolutionNode = FALSE
	EndGlobalSection
	GlobalSection(ExtensibilityGlobals) = postSolution
		SolutionGuid = {35CB95C4-390A-42CC-8DBC-4EEBD7807617}
	EndGlobalSection
EndGlobal
